
Microsoft Visual Studio Solution File, Format Version 12.00
Project("{FAE04EC0-301F-11D3-BF4B-00C04F79EFBC}") = "Markdown.Generator.Core", "Markdown.Generator.Core\Markdown.Generator.Core.csproj", "{6785BC64-03D4-4135-8935-B4A88CCAC2B8}"
EndProject
Project("{FAE04EC0-301F-11D3-BF4B-00C04F79EFBC}") = "Markdown.Generator.Application", "Markdown.Generator.Application\Markdown.Generator.Application.csproj", "{0DBD3946-DA0F-4BD6-AD62-D24B00C7C9F2}"
EndProject
Global
	GlobalSection(SolutionConfigurationPlatforms) = preSolution
		Debug|Any CPU = Debug|Any CPU
		Release|Any CPU = Release|Any CPU
	EndGlobalSection
	GlobalSection(ProjectConfigurationPlatforms) = postSolution
		{6785BC64-03D4-4135-8935-B4A88CCAC2B8}.Debug|Any CPU.ActiveCfg = Debug|Any CPU
		{6785BC64-03D4-4135-8935-B4A88CCAC2B8}.Debug|Any CPU.Build.0 = Debug|Any CPU
		{6785BC64-03D4-4135-8935-B4A88CCAC2B8}.Release|Any CPU.ActiveCfg = Release|Any CPU
		{6785BC64-03D4-4135-8935-B4A88CCAC2B8}.Release|Any CPU.Build.0 = Release|Any CPU
		{0DBD3946-DA0F-4BD6-AD62-D24B00C7C9F2}.Debug|Any CPU.ActiveCfg = Debug|Any CPU
		{0DBD3946-DA0F-4BD6-AD62-D24B00C7C9F2}.Debug|Any CPU.Build.0 = Debug|Any CPU
		{0DBD3946-DA0F-4BD6-AD62-D24B00C7C9F2}.Release|Any CPU.ActiveCfg = Release|Any CPU
		{0DBD3946-DA0F-4BD6-AD62-D24B00C7C9F2}.Release|Any CPU.Build.0 = Release|Any CPU
	EndGlobalSection
EndGlobal
